
Microsoft Visual Studio Solution File, Format Version 12.00
# Visual Studio 15
VisualStudioVersion = 15.0.28307.102
MinimumVisualStudioVersion = 10.0.40219.1
Project("{FAE04EC0-301F-11D3-BF4B-00C04F79EFBC}") = "DemoDevops", "DemoDevops\DemoDevops.csproj", "{AE72AB75-B1F9-4C81-910A-6A872287BA44}"
EndProject
Global
	GlobalSection(SolutionConfigurationPlatforms) = preSolution
		Debug|Any CPU = Debug|Any CPU
		Release|Any CPU = Release|Any CPU
	EndGlobalSection
	GlobalSection(ProjectConfigurationPlatforms) = postSolution
		{AE72AB75-B1F9-4C81-910A-6A872287BA44}.Debug|Any CPU.ActiveCfg = Debug|Any CPU
		{AE72AB75-B1F9-4C81-910A-6A872287BA44}.Debug|Any CPU.Build.0 = Debug|Any CPU
		{AE72AB75-B1F9-4C81-910A-6A872287BA44}.Release|Any CPU.ActiveCfg = Release|Any CPU
		{AE72AB75-B1F9-4C81-910A-6A872287BA44}.Release|Any CPU.Build.0 = Release|Any CPU
	EndGlobalSection
	GlobalSection(SolutionProperties) = preSolution
		HideSolutionNode = FALSE
	EndGlobalSection
	GlobalSection(ExtensibilityGlobals) = postSolution
		SolutionGuid = {3E4B20A7-B2E4-4B9F-958D-E6BDD8607FA2}
	EndGlobalSection
EndGlobal
